<?xml version="1.0" encoding="utf-8"?>
<Project ToolsVersion="4.0" xmlns="http://schemas.microsoft.com/developer/msbuild/2003">
  <ItemGroup>
    <Filter Include="Source Files">
      <UniqueIdentifier>{4FC737F1-C7A5-4376-A066-2A32D752A2FF}</UniqueIdentifier>
      <Extensions>cpp;c;cc;cxx;def;odl;idl;hpj;bat;asm;asmx</Extensions>
    </Filter>
    <Filter Include="Header Files">
      <UniqueIdentifier>{93995380-89BD-4b04-88EB-625FBE52EBFB}</UniqueIdentifier>
      <Extensions>h;hh;hpp;hxx;hm;inl;inc;xsd</Extensions>
    </Filter>
    <Filter Include="Resource Files">
      <UniqueIdentifier>{67DA6AB6-F800-4c08-8B7A-83BB121AAD01}</UniqueIdentifier>
      <Extensions>rc;ico;cur;bmp;dlg;rc2;rct;bin;rgs;gif;jpg;jpeg;jpe;resx;tiff;tif;png;wav;mfcribbon-ms</Extensions>
    </Filter>
    <Filter Include="Shader Files">
      <UniqueIdentifier>{b7d4cb28-4adf-45f0-b1b4-fe68ce2fdc5e}</UniqueIdentifier>
    </Filter>
    <Filter Include="Physics">
      <UniqueIdentifier>{9d85dc6b-ed42-49aa-9475-9e43900c8640}</UniqueIdentifier>
    </Filter>
    <Filter Include="Physics\Header Files">
      <UniqueIdentifier>{8137bae6-f88a-4971-a239-ec26640367fb}</UniqueIdentifier>
    </Filter>
    <Filter Include="2D">
      <UniqueIdentifier>{5f084b2e-b716-4d4b-ab95-6c47bbd3753d}</UniqueIdentifier>
    </Filter>
    <Filter Include="2D\Header Files">
      <UniqueIdentifier>{ebb1f126-c864-4b59-8408-fd8e7c8a078d}</UniqueIdentifier>
    </Filter>
    <Filter Include="2D\Source Files">
      <UniqueIdentifier>{b5be1a26-5cd9-464e-b8e2-edc16b154520}</UniqueIdentifier>
    </Filter>
    <Filter Include="Menu">
      <UniqueIdentifier>{822e3068-0ce0-4db6-8290-c570a3a88d9b}</UniqueIdentifier>
    </Filter>
    <Filter Include="Menu\Header Files">
      <UniqueIdentifier>{1f4026fe-86e8-42ff-84a6-9af75049bf13}</UniqueIdentifier>
    </Filter>
    <Filter Include="Menu\Source Files">
      <UniqueIdentifier>{04a9b584-2594-4ce2-b805-8df0eba26b27}</UniqueIdentifier>
    </Filter>
    <Filter Include="Physics\Source Files">
      <UniqueIdentifier>{37652ef9-a5aa-41fe-b5cc-27e4e4636356}</UniqueIdentifier>
    </Filter>
    <Filter Include="Input">
      <UniqueIdentifier>{31ff1965-b33d-4d05-931b-d2fc8a438278}</UniqueIdentifier>
    </Filter>
    <Filter Include="Input\Header Files">
      <UniqueIdentifier>{29571e7b-ee60-4ef9-b62f-8ee6d7ad609a}</UniqueIdentifier>
    </Filter>
    <Filter Include="Input\Source Files">
      <UniqueIdentifier>{20d188d0-a0bf-4227-a224-fdd534f42b78}</UniqueIdentifier>
    </Filter>
  </ItemGroup>
  <ItemGroup>
    <ClCompile Include="main.cpp">
      <Filter>Source Files</Filter>
    </ClCompile>
    <ClCompile Include="camera.cpp">
      <Filter>Source Files</Filter>
    </ClCompile>
    <ClCompile Include="input.cpp">
      <Filter>Source Files</Filter>
    </ClCompile>
    <ClCompile Include="lightManager.cpp">
      <Filter>Source Files</Filter>
    </ClCompile>
    <ClCompile Include="objfilemodel.cpp">
      <Filter>Source Files</Filter>
    </ClCompile>
    <ClCompile Include="model.cpp">
      <Filter>Source Files</Filter>
    </ClCompile>
    <ClCompile Include="game.cpp">
      <Filter>Source Files</Filter>
    </ClCompile>
    <ClCompile Include="materialManager.cpp">
      <Filter>Source Files</Filter>
    </ClCompile>
    <ClCompile Include="SceneNode.cpp">
      <Filter>Source Files</Filter>
    </ClCompile>
    <ClCompile Include="maths.cpp">
      <Filter>Source Files</Filter>
    </ClCompile>
    <ClCompile Include="shaderManager.cpp">
      <Filter>Source Files</Filter>
    </ClCompile>
    <ClCompile Include="skybox.cpp">
      <Filter>Source Files</Filter>
    </ClCompile>
    <ClCompile Include="textureManager.cpp">
      <Filter>Source Files</Filter>
    </ClCompile>
    <ClCompile Include="particleGenerator.cpp">
      <Filter>Source Files</Filter>
    </ClCompile>
    <ClCompile Include="vector.cpp">
      <Filter>Physics\Source Files</Filter>
    </ClCompile>
    <ClCompile Include="physics.cpp">
      <Filter>Physics\Source Files</Filter>
    </ClCompile>
    <ClCompile Include="DX11Framework.cpp">
      <Filter>Source Files</Filter>
    </ClCompile>
    <ClCompile Include="object2D.cpp">
      <Filter>2D\Source Files</Filter>
    </ClCompile>
    <ClCompile Include="sprite.cpp">
      <Filter>2D\Source Files</Filter>
    </ClCompile>
    <ClCompile Include="text2D_OLD.cpp">
      <Filter>Source Files</Filter>
    </ClCompile>
    <ClCompile Include="text2D.cpp">
      <Filter>2D\Source Files</Filter>
    </ClCompile>
    <ClCompile Include="menu.cpp">
      <Filter>Menu\Source Files</Filter>
    </ClCompile>
    <ClCompile Include="menuElement.cpp">
      <Filter>Menu\Source Files</Filter>
    </ClCompile>
    <ClCompile Include="inputManager.cpp">
      <Filter>Input\Source Files</Filter>
    </ClCompile>
    <ClCompile Include="mainMenu.cpp">
      <Filter>Menu\Source Files</Filter>
    </ClCompile>
    <ClCompile Include="optionsMenu.cpp">
      <Filter>Menu\Source Files</Filter>
    </ClCompile>
  </ItemGroup>
  <ItemGroup>
    <FxCompile Include="text2D_shaders.hlsl">
      <Filter>Shader Files</Filter>
    </FxCompile>
    <FxCompile Include="skyboxShader.hlsl">
      <Filter>Shader Files</Filter>
    </FxCompile>
    <FxCompile Include="modelShader.hlsl">
      <Filter>Shader Files</Filter>
    </FxCompile>
    <FxCompile Include="reflectShader.hlsl">
      <Filter>Shader Files</Filter>
    </FxCompile>
    <FxCompile Include="testShader.hlsl">
      <Filter>Shader Files</Filter>
    </FxCompile>
    <FxCompile Include="particleShader.hlsl">
      <Filter>Shader Files</Filter>
    </FxCompile>
  </ItemGroup>
  <ItemGroup>
    <ClInclude Include="virtualKeyCodes.h">
      <Filter>Header Files</Filter>
    </ClInclude>
    <ClInclude Include="camera.h">
      <Filter>Header Files</Filter>
    </ClInclude>
    <ClInclude Include="input.h">
      <Filter>Header Files</Filter>
    </ClInclude>
    <ClInclude Include="constantBuffer0.h">
      <Filter>Header Files</Filter>
    </ClInclude>
    <ClInclude Include="lightManager.h">
      <Filter>Header Files</Filter>
    </ClInclude>
    <ClInclude Include="objfilemodel.h">
      <Filter>Header Files</Filter>
    </ClInclude>
    <ClInclude Include="model.h">
      <Filter>Header Files</Filter>
    </ClInclude>
    <ClInclude Include="game.h">
      <Filter>Header Files</Filter>
    </ClInclude>
    <ClInclude Include="materialManager.h">
      <Filter>Header Files</Filter>
    </ClInclude>
    <ClInclude Include="sceneNode.h">
      <Filter>Header Files</Filter>
    </ClInclude>
    <ClInclude Include="maths.h">
      <Filter>Header Files</Filter>
    </ClInclude>
    <ClInclude Include="skybox.h">
      <Filter>Header Files</Filter>
    </ClInclude>
    <ClInclude Include="shaderManager.h">
      <Filter>Header Files</Filter>
    </ClInclude>
    <ClInclude Include="textureManager.h">
      <Filter>Header Files</Filter>
    </ClInclude>
    <ClInclude Include="particleGenerator.h">
      <Filter>Header Files</Filter>
    </ClInclude>
    <ClInclude Include="vector.h">
      <Filter>Physics\Header Files</Filter>
    </ClInclude>
    <ClInclude Include="physics.h">
      <Filter>Physics\Header Files</Filter>
    </ClInclude>
    <ClInclude Include="DX11Framework.h">
      <Filter>Header Files</Filter>
    </ClInclude>
    <ClInclude Include="object2D.h">
      <Filter>2D\Header Files</Filter>
    </ClInclude>
    <ClInclude Include="sprite.h">
      <Filter>2D\Header Files</Filter>
    </ClInclude>
    <ClInclude Include="text2D_OLD.h">
      <Filter>Header Files</Filter>
    </ClInclude>
    <ClInclude Include="text2D.h">
      <Filter>2D\Header Files</Filter>
    </ClInclude>
    <ClInclude Include="a_Template_h_file.h">
      <Filter>Header Files</Filter>
    </ClInclude>
    <ClInclude Include="menu.h">
      <Filter>Menu\Header Files</Filter>
    </ClInclude>
    <ClInclude Include="menuElement.h">
      <Filter>Menu\Header Files</Filter>
    </ClInclude>
    <ClInclude Include="inputManager.h">
      <Filter>Input\Header Files</Filter>
    </ClInclude>
    <ClInclude Include="inputStructs.h">
      <Filter>Input\Header Files</Filter>
    </ClInclude>
    <ClInclude Include="directInputKeyCodes.h">
      <Filter>Input\Header Files</Filter>
    </ClInclude>
    <ClInclude Include="states.h">
      <Filter>Header Files</Filter>
    </ClInclude>
    <ClInclude Include="mainMenu.h">
      <Filter>Menu\Header Files</Filter>
    </ClInclude>
    <ClInclude Include="optionsMenu.h">
      <Filter>Menu\Header Files</Filter>
    </ClInclude>
  </ItemGroup>
</Project>